
Microsoft Visual Studio Solution File, Format Version 12.00
# Visual Studio 15
VisualStudioVersion = 15.0.27428.2002
MinimumVisualStudioVersion = 10.0.40219.1
Project("{FAE04EC0-301F-11D3-BF4B-00C04F79EFBC}") = "FileProcessingService", "FileProcessingService\FileProcessingService.csproj", "{4B0257BA-F2BF-4FFF-9A6D-E5865B9EE35A}"
EndProject
Project("{FAE04EC0-301F-11D3-BF4B-00C04F79EFBC}") = "TestProject", "TestProject\TestProject.csproj", "{AEF97342-FCB3-4E15-B89C-49A0D7F2AE17}"
EndProject
Global
	GlobalSection(SolutionConfigurationPlatforms) = preSolution
		Debug|Any CPU = Debug|Any CPU
		Release|Any CPU = Release|Any CPU
	EndGlobalSection
	GlobalSection(ProjectConfigurationPlatforms) = postSolution
		{4B0257BA-F2BF-4FFF-9A6D-E5865B9EE35A}.Debug|Any CPU.ActiveCfg = Debug|Any CPU
		{4B0257BA-F2BF-4FFF-9A6D-E5865B9EE35A}.Debug|Any CPU.Build.0 = Debug|Any CPU
		{4B0257BA-F2BF-4FFF-9A6D-E5865B9EE35A}.Release|Any CPU.ActiveCfg = Release|Any CPU
		{4B0257BA-F2BF-4FFF-9A6D-E5865B9EE35A}.Release|Any CPU.Build.0 = Release|Any CPU
		{AEF97342-FCB3-4E15-B89C-49A0D7F2AE17}.Debug|Any CPU.ActiveCfg = Debug|Any CPU
		{AEF97342-FCB3-4E15-B89C-49A0D7F2AE17}.Debug|Any CPU.Build.0 = Debug|Any CPU
		{AEF97342-FCB3-4E15-B89C-49A0D7F2AE17}.Release|Any CPU.ActiveCfg = Release|Any CPU
		{AEF97342-FCB3-4E15-B89C-49A0D7F2AE17}.Release|Any CPU.Build.0 = Release|Any CPU
	EndGlobalSection
	GlobalSection(SolutionProperties) = preSolution
		HideSolutionNode = FALSE
	EndGlobalSection
	GlobalSection(ExtensibilityGlobals) = postSolution
		SolutionGuid = {1DABBF9B-FDA9-4C02-BC45-F64A89D30A0E}
	EndGlobalSection
EndGlobal
